{
  "name": "vk-uview-ui",
  "version": "1.3.12",
  "lockfileVersion": 3,
  "requires": true,
  "packages": {
    "": {
      "name": "vk-uview-ui",
      "version": "1.3.12",
      "dependencies": {
        "vk-uview-ui": "file:"
      },
      "engines": {
        "HBuilderX": "^3.1.0"
      }
    },
    "node_modules/vk-uview-ui": {
      "resolved": "",
      "link": true
    }
  }
}
