{
  "name": "lime-painter",
  "version": "1.9.4.4",
  "lockfileVersion": 3,
  "requires": true,
  "packages": {
    "": {
      "name": "lime-painter",
      "version": "1.9.4.4",
      "license": "ISC",
      "dependencies": {
        "lime-painter": "file:"
      },
      "engines": {
        "HBuilderX": "^3.4.14"
      }
    },
    "node_modules/lime-painter": {
      "resolved": "",
      "link": true
    }
  }
}
